{
  "name": "pages-plugins",
  "lockfileVersion": 2,
  "requires": true,
  "packages": {
    "": {
      "name": "pages-plugins",
      "workspaces": [
        "packages/*"
      ],
      "devDependencies": {
        "@cloudflare/workers-types": "^3.3.1",
        "typescript": "^4.5.5",
        "wrangler": "file:../wrangler2/packages/wrangler"
      }
    },
    "../wrangler2/packages/wrangler": {
      "version": "0.0.10",
      "dev": true,
      "license": "MIT OR Apache-2.0",
      "dependencies": {
        "esbuild": "0.14.1",
        "miniflare": "2.2.0",
        "path-to-regexp": "^6.2.0",
        "semiver": "^1.1.0"
      },
      "bin": {
        "wrangler": "bin/wrangler.js",
        "wrangler2": "bin/wrangler.js"
      },
      "devDependencies": {
        "@babel/types": "^7.16.0",
        "@iarna/toml": "^2.2.5",
        "@types/estree": "^0.0.50",
        "@types/mime": "^2.0.3",
        "@types/react": "^17.0.37",
        "@types/serve-static": "^1.13.10",
        "@types/signal-exit": "^3.0.1",
        "@types/ws": "^8.2.1",
        "@types/yargs": "^17.0.7",
        "acorn": "^8.6.0",
        "acorn-walk": "^8.2.0",
        "chokidar": "^3.5.2",
        "clipboardy": "^3.0.0",
        "command-exists": "^1.2.9",
        "devtools-protocol": "^0.0.955664",
        "execa": "^6.0.0",
        "faye-websocket": "^0.11.4",
        "finalhandler": "^1.1.2",
        "find-up": "^6.2.0",
        "formdata-node": "^4.3.1",
        "ink": "^3.2.0",
        "ink-select-input": "^4.2.1",
        "ink-table": "^3.0.0",
        "ink-testing-library": "^2.1.0",
        "ink-text-input": "^4.0.2",
        "mime": "^3.0.0",
        "node-fetch": "^3.1.0",
        "open": "^8.4.0",
        "react": "^17.0.2",
        "react-error-boundary": "^3.1.4",
        "serve-static": "^1.14.1",
        "signal-exit": "^3.0.6",
        "tmp-promise": "^3.0.3",
        "undici": "^4.11.1",
        "ws": "^8.3.0",
        "yargs": "^17.3.0"
      },
      "engines": {
        "node": ">=16.7.0"
      },
      "optionalDependencies": {
        "fsevents": "~2.3.2"
      }
    },
    "node_modules/@cloudflare/workers-types": {
      "version": "3.3.1",
      "resolved": "https://registry.npmjs.org/@cloudflare/workers-types/-/workers-types-3.3.1.tgz",
      "integrity": "sha512-GJFDgWd8ZHlr/m+Q2mp4xUl0/FIPpR6kf0Ix2C78E9HeJyUCW0c0w2EKCvgEDFFKB2rkzIX3eBqZCnLsbsw8zQ==",
      "dev": true
    },
    "node_modules/@pages-plugins/core": {
      "resolved": "packages/core",
      "link": true
    },
    "node_modules/@pages-plugins/example": {
      "resolved": "packages/example",
      "link": true
    },
    "node_modules/@pages-plugins/graphql": {
      "resolved": "packages/graphql",
      "link": true
    },
    "node_modules/@pages-plugins/sentry": {
      "resolved": "packages/sentry",
      "link": true
    },
    "node_modules/@sentry/core": {
      "version": "6.11.0",
      "resolved": "https://registry.npmjs.org/@sentry/core/-/core-6.11.0.tgz",
      "integrity": "sha512-09TB+f3pqEq8LFahFWHO6I/4DxHo+NcS52OkbWMDqEi6oNZRD7PhPn3i14LfjsYVv3u3AESU8oxSEGbFrr2UjQ==",
      "dependencies": {
        "@sentry/hub": "6.11.0",
        "@sentry/minimal": "6.11.0",
        "@sentry/types": "6.11.0",
        "@sentry/utils": "6.11.0",
        "tslib": "^1.9.3"
      },
      "engines": {
        "node": ">=6"
      }
    },
    "node_modules/@sentry/hub": {
      "version": "6.11.0",
      "resolved": "https://registry.npmjs.org/@sentry/hub/-/hub-6.11.0.tgz",
      "integrity": "sha512-pT9hf+ZJfVFpoZopoC+yJmFNclr4NPqPcl2cgguqCHb69DklD1NxgBNWK8D6X05qjnNFDF991U6t1mxP9HrGuw==",
      "dependencies": {
        "@sentry/types": "6.11.0",
        "@sentry/utils": "6.11.0",
        "tslib": "^1.9.3"
      },
      "engines": {
        "node": ">=6"
      }
    },
    "node_modules/@sentry/minimal": {
      "version": "6.11.0",
      "resolved": "https://registry.npmjs.org/@sentry/minimal/-/minimal-6.11.0.tgz",
      "integrity": "sha512-XkZ7qrdlGp4IM/gjGxf1Q575yIbl5RvPbg+WFeekpo16Ufvzx37Mr8c2xsZaWosISVyE6eyFpooORjUlzy8EDw==",
      "dependencies": {
        "@sentry/hub": "6.11.0",
        "@sentry/types": "6.11.0",
        "tslib": "^1.9.3"
      },
      "engines": {
        "node": ">=6"
      }
    },
    "node_modules/@sentry/types": {
      "version": "6.11.0",
      "resolved": "https://registry.npmjs.org/@sentry/types/-/types-6.11.0.tgz",
      "integrity": "sha512-gm5H9eZhL6bsIy/h3T+/Fzzz2vINhHhqd92CjHle3w7uXdTdFV98i2pDpErBGNTSNzbntqOMifYEB5ENtZAvcg==",
      "engines": {
        "node": ">=6"
      }
    },
    "node_modules/@sentry/utils": {
      "version": "6.11.0",
      "resolved": "https://registry.npmjs.org/@sentry/utils/-/utils-6.11.0.tgz",
      "integrity": "sha512-IOvyFHcnbRQxa++jO+ZUzRvFHEJ1cZjrBIQaNVc0IYF0twUOB5PTP6joTcix38ldaLeapaPZ9LGfudbvYvxkdg==",
      "dependencies": {
        "@sentry/types": "6.11.0",
        "tslib": "^1.9.3"
      },
      "engines": {
        "node": ">=6"
      }
    },
    "node_modules/@types/cookie": {
      "version": "0.4.1",
      "resolved": "https://registry.npmjs.org/@types/cookie/-/cookie-0.4.1.tgz",
      "integrity": "sha512-XW/Aa8APYr6jSVVA1y/DEIZX0/GMKLEVekNG727R8cs56ahETkRAy/3DR7+fJyh7oUgGwNQaRfXCun0+KbWY7Q=="
    },
    "node_modules/@types/node": {
      "version": "17.0.10",
      "resolved": "https://registry.npmjs.org/@types/node/-/node-17.0.10.tgz",
      "integrity": "sha512-S/3xB4KzyFxYGCppyDt68yzBU9ysL88lSdIah4D6cptdcltc4NCPCAMc0+PCpg/lLIyC7IPvj2Z52OJWeIUkog==",
      "dev": true
    },
    "node_modules/@types/uuid": {
      "version": "8.3.1",
      "resolved": "https://registry.npmjs.org/@types/uuid/-/uuid-8.3.1.tgz",
      "integrity": "sha512-Y2mHTRAbqfFkpjldbkHGY8JIzRN6XqYRliG8/24FcHm2D2PwW24fl5xMRTVGdrb7iMrwCaIEbLWerGIkXuFWVg=="
    },
    "node_modules/cookie": {
      "version": "0.4.1",
      "resolved": "https://registry.npmjs.org/cookie/-/cookie-0.4.1.tgz",
      "integrity": "sha512-ZwrFkGJxUR3EIoXtO+yVE69Eb7KlixbaeAWfBQB9vVsNn/o+Yw69gBWSSDK825hQNdN+wF8zELf3dFNl/kxkUA==",
      "engines": {
        "node": ">= 0.6"
      }
    },
    "node_modules/error-stack-parser": {
      "version": "2.0.6",
      "resolved": "https://registry.npmjs.org/error-stack-parser/-/error-stack-parser-2.0.6.tgz",
      "integrity": "sha512-d51brTeqC+BHlwF0BhPtcYgF5nlzf9ZZ0ZIUQNZpc9ZB9qw5IJ2diTrBY9jlCJkTLITYPjmiX6OWCwH+fuyNgQ==",
      "dependencies": {
        "stackframe": "^1.1.1"
      }
    },
    "node_modules/graphql": {
      "version": "16.2.0",
      "resolved": "https://registry.npmjs.org/graphql/-/graphql-16.2.0.tgz",
      "integrity": "sha512-MuQd7XXrdOcmfwuLwC2jNvx0n3rxIuNYOxUtiee5XOmfrWo613ar2U8pE7aHAKh8VwfpifubpD9IP+EdEAEOsA==",
      "engines": {
        "node": "^12.22.0 || ^14.16.0 || >=16.0.0"
      }
    },
    "node_modules/path-to-regexp": {
      "version": "6.2.0",
      "resolved": "https://registry.npmjs.org/path-to-regexp/-/path-to-regexp-6.2.0.tgz",
      "integrity": "sha512-f66KywYG6+43afgE/8j/GoiNyygk/bnoCbps++3ErRKsIYkGGupyv07R2Ok5m9i67Iqc+T2g1eAUGUPzWhYTyg=="
    },
    "node_modules/source-map": {
      "version": "0.5.6",
      "resolved": "https://registry.npmjs.org/source-map/-/source-map-0.5.6.tgz",
      "integrity": "sha1-dc449SvwczxafwwRjYEzSiu19BI=",
      "engines": {
        "node": ">=0.10.0"
      }
    },
    "node_modules/stack-generator": {
      "version": "2.0.5",
      "resolved": "https://registry.npmjs.org/stack-generator/-/stack-generator-2.0.5.tgz",
      "integrity": "sha512-/t1ebrbHkrLrDuNMdeAcsvynWgoH/i4o8EGGfX7dEYDoTXOYVAkEpFdtshlvabzc6JlJ8Kf9YdFEoz7JkzGN9Q==",
      "dependencies": {
        "stackframe": "^1.1.1"
      }
    },
    "node_modules/stackframe": {
      "version": "1.2.0",
      "resolved": "https://registry.npmjs.org/stackframe/-/stackframe-1.2.0.tgz",
      "integrity": "sha512-GrdeshiRmS1YLMYgzF16olf2jJ/IzxXY9lhKOskuVziubpTYcYqyOwYeJKzQkwy7uN0fYSsbsC4RQaXf9LCrYA=="
    },
    "node_modules/stacktrace-gps": {
      "version": "3.0.4",
      "resolved": "https://registry.npmjs.org/stacktrace-gps/-/stacktrace-gps-3.0.4.tgz",
      "integrity": "sha512-qIr8x41yZVSldqdqe6jciXEaSCKw1U8XTXpjDuy0ki/apyTn/r3w9hDAAQOhZdxvsC93H+WwwEu5cq5VemzYeg==",
      "dependencies": {
        "source-map": "0.5.6",
        "stackframe": "^1.1.1"
      }
    },
    "node_modules/stacktrace-js": {
      "version": "2.0.2",
      "resolved": "https://registry.npmjs.org/stacktrace-js/-/stacktrace-js-2.0.2.tgz",
      "integrity": "sha512-Je5vBeY4S1r/RnLydLl0TBTi3F2qdfWmYsGvtfZgEI+SCprPppaIhQf5nGcal4gI4cGpCV/duLcAzT1np6sQqg==",
      "dependencies": {
        "error-stack-parser": "^2.0.6",
        "stack-generator": "^2.0.5",
        "stacktrace-gps": "^3.0.4"
      }
    },
    "node_modules/toucan-js": {
      "version": "2.5.0",
      "resolved": "https://registry.npmjs.org/toucan-js/-/toucan-js-2.5.0.tgz",
      "integrity": "sha512-kGC4aBI5ou0L6jIe+CqYxWjobknU7CTsgQOfHMFadSm8KLh/8f2oKgtqcmRB5Iysvai2/4vJDrFXqX/3K4iAjQ==",
      "dependencies": {
        "@sentry/core": "6.11.0",
        "@sentry/hub": "6.11.0",
        "@sentry/types": "6.11.0",
        "@sentry/utils": "6.11.0",
        "@types/cookie": "0.4.1",
        "@types/uuid": "8.3.1",
        "cookie": "0.4.1",
        "stacktrace-js": "2.0.2",
        "uuid": "8.3.2"
      }
    },
    "node_modules/tslib": {
      "version": "1.14.1",
      "resolved": "https://registry.npmjs.org/tslib/-/tslib-1.14.1.tgz",
      "integrity": "sha512-Xni35NKzjgMrwevysHTCArtLDpPvye8zV/0E4EyYn43P7/7qvQwPh9BGkHewbMulVntbigmcT7rdX3BNo9wRJg=="
    },
    "node_modules/typescript": {
      "version": "4.5.5",
      "resolved": "https://registry.npmjs.org/typescript/-/typescript-4.5.5.tgz",
      "integrity": "sha512-TCTIul70LyWe6IJWT8QSYeA54WQe8EjQFU4wY52Fasj5UKx88LNYKCgBEHcOMOrFF1rKGbD8v/xcNWVUq9SymA==",
      "dev": true,
      "bin": {
        "tsc": "bin/tsc",
        "tsserver": "bin/tsserver"
      },
      "engines": {
        "node": ">=4.2.0"
      }
    },
    "node_modules/uuid": {
      "version": "8.3.2",
      "resolved": "https://registry.npmjs.org/uuid/-/uuid-8.3.2.tgz",
      "integrity": "sha512-+NYs2QeMWy+GWFOEm9xnn6HCDp0l7QBD7ml8zLUmJ+93Q5NF0NocErnwkTkXVFNiX3/fpC6afS8Dhb/gz7R7eg==",
      "bin": {
        "uuid": "dist/bin/uuid"
      }
    },
    "node_modules/wrangler": {
      "resolved": "../wrangler2/packages/wrangler",
      "link": true
    },
    "packages/core": {
      "name": "@pages-plugins/core",
      "dependencies": {
        "path-to-regexp": "^6.2.0"
      },
      "devDependencies": {
        "@types/node": "^17.0.10"
      }
    },
    "packages/example": {
      "name": "@pages-plugins/example",
      "version": "1.0.0",
      "dependencies": {
        "graphql": "^16.2.0"
      }
    },
    "packages/graphql": {
      "name": "@pages-plugins/graphql",
      "peerDependencies": {
        "graphql": "^16.2.0"
      }
    },
    "packages/sentry": {
      "name": "@pages-plugins/sentry",
      "dependencies": {
        "toucan-js": "^2.5.0"
      }
    }
  },
  "dependencies": {
    "@cloudflare/workers-types": {
      "version": "3.3.1",
      "resolved": "https://registry.npmjs.org/@cloudflare/workers-types/-/workers-types-3.3.1.tgz",
      "integrity": "sha512-GJFDgWd8ZHlr/m+Q2mp4xUl0/FIPpR6kf0Ix2C78E9HeJyUCW0c0w2EKCvgEDFFKB2rkzIX3eBqZCnLsbsw8zQ==",
      "dev": true
    },
    "@pages-plugins/core": {
      "version": "file:packages/core",
      "requires": {
        "@types/node": "^17.0.10",
        "path-to-regexp": "^6.2.0"
      }
    },
    "@pages-plugins/example": {
      "version": "file:packages/example",
      "requires": {
        "graphql": "^16.2.0"
      }
    },
    "@pages-plugins/graphql": {
      "version": "file:packages/graphql",
      "requires": {}
    },
    "@pages-plugins/sentry": {
      "version": "file:packages/sentry",
      "requires": {
        "toucan-js": "^2.5.0"
      }
    },
    "@sentry/core": {
      "version": "6.11.0",
      "resolved": "https://registry.npmjs.org/@sentry/core/-/core-6.11.0.tgz",
      "integrity": "sha512-09TB+f3pqEq8LFahFWHO6I/4DxHo+NcS52OkbWMDqEi6oNZRD7PhPn3i14LfjsYVv3u3AESU8oxSEGbFrr2UjQ==",
      "requires": {
        "@sentry/hub": "6.11.0",
        "@sentry/minimal": "6.11.0",
        "@sentry/types": "6.11.0",
        "@sentry/utils": "6.11.0",
        "tslib": "^1.9.3"
      }
    },
    "@sentry/hub": {
      "version": "6.11.0",
      "resolved": "https://registry.npmjs.org/@sentry/hub/-/hub-6.11.0.tgz",
      "integrity": "sha512-pT9hf+ZJfVFpoZopoC+yJmFNclr4NPqPcl2cgguqCHb69DklD1NxgBNWK8D6X05qjnNFDF991U6t1mxP9HrGuw==",
      "requires": {
        "@sentry/types": "6.11.0",
        "@sentry/utils": "6.11.0",
        "tslib": "^1.9.3"
      }
    },
    "@sentry/minimal": {
      "version": "6.11.0",
      "resolved": "https://registry.npmjs.org/@sentry/minimal/-/minimal-6.11.0.tgz",
      "integrity": "sha512-XkZ7qrdlGp4IM/gjGxf1Q575yIbl5RvPbg+WFeekpo16Ufvzx37Mr8c2xsZaWosISVyE6eyFpooORjUlzy8EDw==",
      "requires": {
        "@sentry/hub": "6.11.0",
        "@sentry/types": "6.11.0",
        "tslib": "^1.9.3"
      }
    },
    "@sentry/types": {
      "version": "6.11.0",
      "resolved": "https://registry.npmjs.org/@sentry/types/-/types-6.11.0.tgz",
      "integrity": "sha512-gm5H9eZhL6bsIy/h3T+/Fzzz2vINhHhqd92CjHle3w7uXdTdFV98i2pDpErBGNTSNzbntqOMifYEB5ENtZAvcg=="
    },
    "@sentry/utils": {
      "version": "6.11.0",
      "resolved": "https://registry.npmjs.org/@sentry/utils/-/utils-6.11.0.tgz",
      "integrity": "sha512-IOvyFHcnbRQxa++jO+ZUzRvFHEJ1cZjrBIQaNVc0IYF0twUOB5PTP6joTcix38ldaLeapaPZ9LGfudbvYvxkdg==",
      "requires": {
        "@sentry/types": "6.11.0",
        "tslib": "^1.9.3"
      }
    },
    "@types/cookie": {
      "version": "0.4.1",
      "resolved": "https://registry.npmjs.org/@types/cookie/-/cookie-0.4.1.tgz",
      "integrity": "sha512-XW/Aa8APYr6jSVVA1y/DEIZX0/GMKLEVekNG727R8cs56ahETkRAy/3DR7+fJyh7oUgGwNQaRfXCun0+KbWY7Q=="
    },
    "@types/node": {
      "version": "17.0.10",
      "resolved": "https://registry.npmjs.org/@types/node/-/node-17.0.10.tgz",
      "integrity": "sha512-S/3xB4KzyFxYGCppyDt68yzBU9ysL88lSdIah4D6cptdcltc4NCPCAMc0+PCpg/lLIyC7IPvj2Z52OJWeIUkog==",
      "dev": true
    },
    "@types/uuid": {
      "version": "8.3.1",
      "resolved": "https://registry.npmjs.org/@types/uuid/-/uuid-8.3.1.tgz",
      "integrity": "sha512-Y2mHTRAbqfFkpjldbkHGY8JIzRN6XqYRliG8/24FcHm2D2PwW24fl5xMRTVGdrb7iMrwCaIEbLWerGIkXuFWVg=="
    },
    "cookie": {
      "version": "0.4.1",
      "resolved": "https://registry.npmjs.org/cookie/-/cookie-0.4.1.tgz",
      "integrity": "sha512-ZwrFkGJxUR3EIoXtO+yVE69Eb7KlixbaeAWfBQB9vVsNn/o+Yw69gBWSSDK825hQNdN+wF8zELf3dFNl/kxkUA=="
    },
    "error-stack-parser": {
      "version": "2.0.6",
      "resolved": "https://registry.npmjs.org/error-stack-parser/-/error-stack-parser-2.0.6.tgz",
      "integrity": "sha512-d51brTeqC+BHlwF0BhPtcYgF5nlzf9ZZ0ZIUQNZpc9ZB9qw5IJ2diTrBY9jlCJkTLITYPjmiX6OWCwH+fuyNgQ==",
      "requires": {
        "stackframe": "^1.1.1"
      }
    },
    "graphql": {
      "version": "16.2.0",
      "resolved": "https://registry.npmjs.org/graphql/-/graphql-16.2.0.tgz",
      "integrity": "sha512-MuQd7XXrdOcmfwuLwC2jNvx0n3rxIuNYOxUtiee5XOmfrWo613ar2U8pE7aHAKh8VwfpifubpD9IP+EdEAEOsA=="
    },
    "path-to-regexp": {
      "version": "6.2.0",
      "resolved": "https://registry.npmjs.org/path-to-regexp/-/path-to-regexp-6.2.0.tgz",
      "integrity": "sha512-f66KywYG6+43afgE/8j/GoiNyygk/bnoCbps++3ErRKsIYkGGupyv07R2Ok5m9i67Iqc+T2g1eAUGUPzWhYTyg=="
    },
    "source-map": {
      "version": "0.5.6",
      "resolved": "https://registry.npmjs.org/source-map/-/source-map-0.5.6.tgz",
      "integrity": "sha1-dc449SvwczxafwwRjYEzSiu19BI="
    },
    "stack-generator": {
      "version": "2.0.5",
      "resolved": "https://registry.npmjs.org/stack-generator/-/stack-generator-2.0.5.tgz",
      "integrity": "sha512-/t1ebrbHkrLrDuNMdeAcsvynWgoH/i4o8EGGfX7dEYDoTXOYVAkEpFdtshlvabzc6JlJ8Kf9YdFEoz7JkzGN9Q==",
      "requires": {
        "stackframe": "^1.1.1"
      }
    },
    "stackframe": {
      "version": "1.2.0",
      "resolved": "https://registry.npmjs.org/stackframe/-/stackframe-1.2.0.tgz",
      "integrity": "sha512-GrdeshiRmS1YLMYgzF16olf2jJ/IzxXY9lhKOskuVziubpTYcYqyOwYeJKzQkwy7uN0fYSsbsC4RQaXf9LCrYA=="
    },
    "stacktrace-gps": {
      "version": "3.0.4",
      "resolved": "https://registry.npmjs.org/stacktrace-gps/-/stacktrace-gps-3.0.4.tgz",
      "integrity": "sha512-qIr8x41yZVSldqdqe6jciXEaSCKw1U8XTXpjDuy0ki/apyTn/r3w9hDAAQOhZdxvsC93H+WwwEu5cq5VemzYeg==",
      "requires": {
        "source-map": "0.5.6",
        "stackframe": "^1.1.1"
      }
    },
    "stacktrace-js": {
      "version": "2.0.2",
      "resolved": "https://registry.npmjs.org/stacktrace-js/-/stacktrace-js-2.0.2.tgz",
      "integrity": "sha512-Je5vBeY4S1r/RnLydLl0TBTi3F2qdfWmYsGvtfZgEI+SCprPppaIhQf5nGcal4gI4cGpCV/duLcAzT1np6sQqg==",
      "requires": {
        "error-stack-parser": "^2.0.6",
        "stack-generator": "^2.0.5",
        "stacktrace-gps": "^3.0.4"
      }
    },
    "toucan-js": {
      "version": "2.5.0",
      "resolved": "https://registry.npmjs.org/toucan-js/-/toucan-js-2.5.0.tgz",
      "integrity": "sha512-kGC4aBI5ou0L6jIe+CqYxWjobknU7CTsgQOfHMFadSm8KLh/8f2oKgtqcmRB5Iysvai2/4vJDrFXqX/3K4iAjQ==",
      "requires": {
        "@sentry/core": "6.11.0",
        "@sentry/hub": "6.11.0",
        "@sentry/types": "6.11.0",
        "@sentry/utils": "6.11.0",
        "@types/cookie": "0.4.1",
        "@types/uuid": "8.3.1",
        "cookie": "0.4.1",
        "stacktrace-js": "2.0.2",
        "uuid": "8.3.2"
      }
    },
    "tslib": {
      "version": "1.14.1",
      "resolved": "https://registry.npmjs.org/tslib/-/tslib-1.14.1.tgz",
      "integrity": "sha512-Xni35NKzjgMrwevysHTCArtLDpPvye8zV/0E4EyYn43P7/7qvQwPh9BGkHewbMulVntbigmcT7rdX3BNo9wRJg=="
    },
    "typescript": {
      "version": "4.5.5",
      "resolved": "https://registry.npmjs.org/typescript/-/typescript-4.5.5.tgz",
      "integrity": "sha512-TCTIul70LyWe6IJWT8QSYeA54WQe8EjQFU4wY52Fasj5UKx88LNYKCgBEHcOMOrFF1rKGbD8v/xcNWVUq9SymA==",
      "dev": true
    },
    "uuid": {
      "version": "8.3.2",
      "resolved": "https://registry.npmjs.org/uuid/-/uuid-8.3.2.tgz",
      "integrity": "sha512-+NYs2QeMWy+GWFOEm9xnn6HCDp0l7QBD7ml8zLUmJ+93Q5NF0NocErnwkTkXVFNiX3/fpC6afS8Dhb/gz7R7eg=="
    },
    "wrangler": {
      "version": "file:../wrangler2/packages/wrangler",
      "requires": {
        "@babel/types": "^7.16.0",
        "@iarna/toml": "^2.2.5",
        "@types/estree": "^0.0.50",
        "@types/mime": "^2.0.3",
        "@types/react": "^17.0.37",
        "@types/serve-static": "^1.13.10",
        "@types/signal-exit": "^3.0.1",
        "@types/ws": "^8.2.1",
        "@types/yargs": "^17.0.7",
        "acorn": "^8.6.0",
        "acorn-walk": "^8.2.0",
        "chokidar": "^3.5.2",
        "clipboardy": "^3.0.0",
        "command-exists": "^1.2.9",
        "devtools-protocol": "^0.0.955664",
        "esbuild": "0.14.1",
        "execa": "^6.0.0",
        "faye-websocket": "^0.11.4",
        "finalhandler": "^1.1.2",
        "find-up": "^6.2.0",
        "formdata-node": "^4.3.1",
        "fsevents": "~2.3.2",
        "ink": "^3.2.0",
        "ink-select-input": "^4.2.1",
        "ink-table": "^3.0.0",
        "ink-testing-library": "^2.1.0",
        "ink-text-input": "^4.0.2",
        "mime": "^3.0.0",
        "miniflare": "2.2.0",
        "node-fetch": "^3.1.0",
        "open": "^8.4.0",
        "path-to-regexp": "^6.2.0",
        "react": "^17.0.2",
        "react-error-boundary": "^3.1.4",
        "semiver": "^1.1.0",
        "serve-static": "^1.14.1",
        "signal-exit": "^3.0.6",
        "tmp-promise": "^3.0.3",
        "undici": "^4.11.1",
        "ws": "^8.3.0",
        "yargs": "^17.3.0"
      }
    }
  }
}
